
Microsoft Visual Studio Solution File, Format Version 12.00
# Visual Studio Version 17
VisualStudioVersion = 17.8.34330.188
MinimumVisualStudioVersion = 10.0.40219.1
Project("{9A19103F-16F7-4668-BE54-9A1E7A4F7556}") = "FintechAPI", "FintechAPI\FintechAPI.csproj", "{C989EEA1-2EB9-430B-8064-8A85D4EB7894}"
EndProject
Project("{FAE04EC0-301F-11D3-BF4B-00C04F79EFBC}") = "FintechApi.Test", "FintechApi.Test\FintechApi.Test.csproj", "{AF4E5698-B721-4F48-8E09-D941608E452B}"
EndProject
Global
	GlobalSection(SolutionConfigurationPlatforms) = preSolution
		Debug|Any CPU = Debug|Any CPU
		Release|Any CPU = Release|Any CPU
	EndGlobalSection
	GlobalSection(ProjectConfigurationPlatforms) = postSolution
		{C989EEA1-2EB9-430B-8064-8A85D4EB7894}.Debug|Any CPU.ActiveCfg = Debug|Any CPU
		{C989EEA1-2EB9-430B-8064-8A85D4EB7894}.Debug|Any CPU.Build.0 = Debug|Any CPU
		{C989EEA1-2EB9-430B-8064-8A85D4EB7894}.Release|Any CPU.ActiveCfg = Release|Any CPU
		{C989EEA1-2EB9-430B-8064-8A85D4EB7894}.Release|Any CPU.Build.0 = Release|Any CPU
		{AF4E5698-B721-4F48-8E09-D941608E452B}.Debug|Any CPU.ActiveCfg = Debug|Any CPU
		{AF4E5698-B721-4F48-8E09-D941608E452B}.Debug|Any CPU.Build.0 = Debug|Any CPU
		{AF4E5698-B721-4F48-8E09-D941608E452B}.Release|Any CPU.ActiveCfg = Release|Any CPU
		{AF4E5698-B721-4F48-8E09-D941608E452B}.Release|Any CPU.Build.0 = Release|Any CPU
	EndGlobalSection
	GlobalSection(SolutionProperties) = preSolution
		HideSolutionNode = FALSE
	EndGlobalSection
	GlobalSection(ExtensibilityGlobals) = postSolution
		SolutionGuid = {EA036347-B3E0-4639-86E1-6D66FBF73603}
	EndGlobalSection
EndGlobal
